
Microsoft Visual Studio Solution File, Format Version 12.00
# Visual Studio 15
VisualStudioVersion = 15.0.28307.271
MinimumVisualStudioVersion = 10.0.40219.1
Project("{FAE04EC0-301F-11D3-BF4B-00C04F79EFBC}") = "SalesWebMvc", "SalesWebMvc\SalesWebMvc.csproj", "{BC0BA92E-189E-4679-AE02-66B195E6948E}"
EndProject
Global
	GlobalSection(SolutionConfigurationPlatforms) = preSolution
		Debug|Any CPU = Debug|Any CPU
		Release|Any CPU = Release|Any CPU
	EndGlobalSection
	GlobalSection(ProjectConfigurationPlatforms) = postSolution
		{BC0BA92E-189E-4679-AE02-66B195E6948E}.Debug|Any CPU.ActiveCfg = Debug|Any CPU
		{BC0BA92E-189E-4679-AE02-66B195E6948E}.Debug|Any CPU.Build.0 = Debug|Any CPU
		{BC0BA92E-189E-4679-AE02-66B195E6948E}.Release|Any CPU.ActiveCfg = Release|Any CPU
		{BC0BA92E-189E-4679-AE02-66B195E6948E}.Release|Any CPU.Build.0 = Release|Any CPU
	EndGlobalSection
	GlobalSection(SolutionProperties) = preSolution
		HideSolutionNode = FALSE
	EndGlobalSection
	GlobalSection(ExtensibilityGlobals) = postSolution
		SolutionGuid = {59DE41E1-EFEE-4DC3-8BB4-55AC32AFA135}
	EndGlobalSection
EndGlobal
